// !$*UTF8*$!
{
	archiveVersion = 1;
	classes = {
	};
	objectVersion = 55;
	objects = {

/* Begin PBXBuildFile section */
		4001B22627668CC300ABE37D /* FinalNotesApp.swift in Sources */ = {isa = PBXBuildFile; fileRef = 4001B22527668CC300ABE37D /* FinalNotesApp.swift */; };
		4001B22827668CC300ABE37D /* ContentView.swift in Sources */ = {isa = PBXBuildFile; fileRef = 4001B22727668CC300ABE37D /* ContentView.swift */; };
		4001B22A27668CC400ABE37D /* Assets.xcassets in Resources */ = {isa = PBXBuildFile; fileRef = 4001B22927668CC400ABE37D /* Assets.xcassets */; };
		4001B22D27668CC400ABE37D /* Preview Assets.xcassets in Resources */ = {isa = PBXBuildFile; fileRef = 4001B22C27668CC400ABE37D /* Preview Assets.xcassets */; };
		4001B23727668CC400ABE37D /* FinalNotesTests.swift in Sources */ = {isa = PBXBuildFile; fileRef = 4001B23627668CC400ABE37D /* FinalNotesTests.swift */; };
		4001B24127668CC400ABE37D /* FinalNotesUITests.swift in Sources */ = {isa = PBXBuildFile; fileRef = 4001B24027668CC400ABE37D /* FinalNotesUITests.swift */; };
		4001B24327668CC400ABE37D /* FinalNotesUITestsLaunchTests.swift in Sources */ = {isa = PBXBuildFile; fileRef = 4001B24227668CC400ABE37D /* FinalNotesUITestsLaunchTests.swift */; };
		4001B25027668CF800ABE37D /* Note.swift in Sources */ = {isa = PBXBuildFile; fileRef = 4001B24F27668CF800ABE37D /* Note.swift */; };
		4001B25227668E0200ABE37D /* DataStore.swift in Sources */ = {isa = PBXBuildFile; fileRef = 4001B25127668E0200ABE37D /* DataStore.swift */; };
		40F991CF2766950C0092FC9E /* WriteNote.swift in Sources */ = {isa = PBXBuildFile; fileRef = 40F991CE2766950C0092FC9E /* WriteNote.swift */; };
		40F991D1276696460092FC9E /* NoteFormView.swift in Sources */ = {isa = PBXBuildFile; fileRef = 40F991D0276696460092FC9E /* NoteFormView.swift */; };
		40F991D327669AE10092FC9E /* ModalType.swift in Sources */ = {isa = PBXBuildFile; fileRef = 40F991D227669AE10092FC9E /* ModalType.swift */; };
		40F991DC2766A4510092FC9E /* FileManager+Extensions.swift in Sources */ = {isa = PBXBuildFile; fileRef = 40F991DB2766A4510092FC9E /* FileManager+Extensions.swift */; };
/* End PBXBuildFile section */

/* Begin PBXContainerItemProxy section */
		4001B23327668CC400ABE37D /* PBXContainerItemProxy */ = {
			isa = PBXContainerItemProxy;
			containerPortal = 4001B21A27668CC300ABE37D /* Project object */;
			proxyType = 1;
			remoteGlobalIDString = 4001B22127668CC300ABE37D;
			remoteInfo = FinalNotes;
		};
		4001B23D27668CC400ABE37D /* PBXContainerItemProxy */ = {
			isa = PBXContainerItemProxy;
			containerPortal = 4001B21A27668CC300ABE37D /* Project object */;
			proxyType = 1;
			remoteGlobalIDString = 4001B22127668CC300ABE37D;
			remoteInfo = FinalNotes;
		};
/* End PBXContainerItemProxy section */

/* Begin PBXFileReference section */
		4001B22227668CC300ABE37D /* FinalNotes.app */ = {isa = PBXFileReference; explicitFileType = wrapper.application; includeInIndex = 0; path = FinalNotes.app; sourceTree = BUILT_PRODUCTS_DIR; };
		4001B22527668CC300ABE37D /* FinalNotesApp.swift */ = {isa = PBXFileReference; lastKnownFileType = sourcecode.swift; path = FinalNotesApp.swift; sourceTree = "<group>"; };
		4001B22727668CC300ABE37D /* ContentView.swift */ = {isa = PBXFileReference; lastKnownFileType = sourcecode.swift; path = ContentView.swift; sourceTree = "<group>"; };
		4001B22927668CC400ABE37D /* Assets.xcassets */ = {isa = PBXFileReference; lastKnownFileType = folder.assetcatalog; path = Assets.xcassets; sourceTree = "<group>"; };
		4001B22C27668CC400ABE37D /* Preview Assets.xcassets */ = {isa = PBXFileReference; lastKnownFileType = folder.assetcatalog; path = "Preview Assets.xcassets"; sourceTree = "<group>"; };
		4001B23227668CC400ABE37D /* FinalNotesTests.xctest */ = {isa = PBXFileReference; explicitFileType = wrapper.cfbundle; includeInIndex = 0; path = FinalNotesTests.xctest; sourceTree = BUILT_PRODUCTS_DIR; };
		4001B23627668CC400ABE37D /* FinalNotesTests.swift */ = {isa = PBXFileReference; lastKnownFileType = sourcecode.swift; path = FinalNotesTests.swift; sourceTree = "<group>"; };
		4001B23C27668CC400ABE37D /* FinalNotesUITests.xctest */ = {isa = PBXFileReference; explicitFileType = wrapper.cfbundle; includeInIndex = 0; path = FinalNotesUITests.xctest; sourceTree = BUILT_PRODUCTS_DIR; };
		4001B24027668CC400ABE37D /* FinalNotesUITests.swift */ = {isa = PBXFileReference; lastKnownFileType = sourcecode.swift; path = FinalNotesUITests.swift; sourceTree = "<group>"; };
		4001B24227668CC400ABE37D /* FinalNotesUITestsLaunchTests.swift */ = {isa = PBXFileReference; lastKnownFileType = sourcecode.swift; path = FinalNotesUITestsLaunchTests.swift; sourceTree = "<group>"; };
		4001B24F27668CF800ABE37D /* Note.swift */ = {isa = PBXFileReference; lastKnownFileType = sourcecode.swift; path = Note.swift; sourceTree = "<group>"; };
		4001B25127668E0200ABE37D /* DataStore.swift */ = {isa = PBXFileReference; lastKnownFileType = sourcecode.swift; path = DataStore.swift; sourceTree = "<group>"; };
		40F991CE2766950C0092FC9E /* WriteNote.swift */ = {isa = PBXFileReference; lastKnownFileType = sourcecode.swift; path = WriteNote.swift; sourceTree = "<group>"; };
		40F991D0276696460092FC9E /* NoteFormView.swift */ = {isa = PBXFileReference; lastKnownFileType = sourcecode.swift; path = NoteFormView.swift; sourceTree = "<group>"; };
		40F991D227669AE10092FC9E /* ModalType.swift */ = {isa = PBXFileReference; lastKnownFileType = sourcecode.swift; path = ModalType.swift; sourceTree = "<group>"; };
		40F991DB2766A4510092FC9E /* FileManager+Extensions.swift */ = {isa = PBXFileReference; lastKnownFileType = sourcecode.swift; path = "FileManager+Extensions.swift"; sourceTree = "<group>"; };
/* End PBXFileReference section */

/* Begin PBXFrameworksBuildPhase section */
		4001B21F27668CC300ABE37D /* Frameworks */ = {
			isa = PBXFrameworksBuildPhase;
			buildActionMask = 2147483647;
			files = (
			);
			runOnlyForDeploymentPostprocessing = 0;
		};
		4001B22F27668CC400ABE37D /* Frameworks */ = {
			isa = PBXFrameworksBuildPhase;
			buildActionMask = 2147483647;
			files = (
			);
			runOnlyForDeploymentPostprocessing = 0;
		};
		4001B23927668CC400ABE37D /* Frameworks */ = {
			isa = PBXFrameworksBuildPhase;
			buildActionMask = 2147483647;
			files = (
			);
			runOnlyForDeploymentPostprocessing = 0;
		};
/* End PBXFrameworksBuildPhase section */

/* Begin PBXGroup section */
		4001B21927668CC300ABE37D = {
			isa = PBXGroup;
			children = (
				4001B22427668CC300ABE37D /* FinalNotes */,
				4001B23527668CC400ABE37D /* FinalNotesTests */,
				4001B23F27668CC400ABE37D /* FinalNotesUITests */,
				4001B22327668CC300ABE37D /* Products */,
			);
			sourceTree = "<group>";
		};
		4001B22327668CC300ABE37D /* Products */ = {
			isa = PBXGroup;
			children = (
				4001B22227668CC300ABE37D /* FinalNotes.app */,
				4001B23227668CC400ABE37D /* FinalNotesTests.xctest */,
				4001B23C27668CC400ABE37D /* FinalNotesUITests.xctest */,
			);
			name = Products;
			sourceTree = "<group>";
		};
		4001B22427668CC300ABE37D /* FinalNotes */ = {
			isa = PBXGroup;
			children = (
				4001B22527668CC300ABE37D /* FinalNotesApp.swift */,
				40F991D42766A38E0092FC9E /* Views */,
				4001B22727668CC300ABE37D /* ContentView.swift */,
				40F991CE2766950C0092FC9E /* WriteNote.swift */,
				40F991D72766A3DC0092FC9E /* Model */,
				40F991D82766A3F40092FC9E /* ViewModels */,
				4001B22927668CC400ABE37D /* Assets.xcassets */,
				4001B22B27668CC400ABE37D /* Preview Content */,
			);
			path = FinalNotes;
			sourceTree = "<group>";
		};
		4001B22B27668CC400ABE37D /* Preview Content */ = {
			isa = PBXGroup;
			children = (
				4001B22C27668CC400ABE37D /* Preview Assets.xcassets */,
			);
			path = "Preview Content";
			sourceTree = "<group>";
		};
		4001B23527668CC400ABE37D /* FinalNotesTests */ = {
			isa = PBXGroup;
			children = (
				4001B23627668CC400ABE37D /* FinalNotesTests.swift */,
			);
			path = FinalNotesTests;
			sourceTree = "<group>";
		};
		4001B23F27668CC400ABE37D /* FinalNotesUITests */ = {
			isa = PBXGroup;
			children = (
				4001B24027668CC400ABE37D /* FinalNotesUITests.swift */,
				4001B24227668CC400ABE37D /* FinalNotesUITestsLaunchTests.swift */,
			);
			path = FinalNotesUITests;
			sourceTree = "<group>";
		};
		40F991D42766A38E0092FC9E /* Views */ = {
			isa = PBXGroup;
			children = (
			);
			path = Views;
			sourceTree = "<group>";
		};
		40F991D72766A3DC0092FC9E /* Model */ = {
			isa = PBXGroup;
			children = (
				40F991D227669AE10092FC9E /* ModalType.swift */,
				4001B24F27668CF800ABE37D /* Note.swift */,
			);
			path = Model;
			sourceTree = "<group>";
		};
		40F991D82766A3F40092FC9E /* ViewModels */ = {
			isa = PBXGroup;
			children = (
				40F991D0276696460092FC9E /* NoteFormView.swift */,
				4001B25127668E0200ABE37D /* DataStore.swift */,
				40F991DA2766A42D0092FC9E /* Extensions */,
			);
			path = ViewModels;
			sourceTree = "<group>";
		};
		40F991DA2766A42D0092FC9E /* Extensions */ = {
			isa = PBXGroup;
			children = (
				40F991DB2766A4510092FC9E /* FileManager+Extensions.swift */,
			);
			path = Extensions;
			sourceTree = "<group>";
		};
/* End PBXGroup section */

/* Begin PBXNativeTarget section */
		4001B22127668CC300ABE37D /* FinalNotes */ = {
			isa = PBXNativeTarget;
			buildConfigurationList = 4001B24627668CC400ABE37D /* Build configuration list for PBXNativeTarget "FinalNotes" */;
			buildPhases = (
				4001B21E27668CC300ABE37D /* Sources */,
				4001B21F27668CC300ABE37D /* Frameworks */,
				4001B22027668CC300ABE37D /* Resources */,
			);
			buildRules = (
			);
			dependencies = (
			);
			name = FinalNotes;
			productName = FinalNotes;
			productReference = 4001B22227668CC300ABE37D /* FinalNotes.app */;
			productType = "com.apple.product-type.application";
		};
		4001B23127668CC400ABE37D /* FinalNotesTests */ = {
			isa = PBXNativeTarget;
			buildConfigurationList = 4001B24927668CC400ABE37D /* Build configuration list for PBXNativeTarget "FinalNotesTests" */;
			buildPhases = (
				4001B22E27668CC400ABE37D /* Sources */,
				4001B22F27668CC400ABE37D /* Frameworks */,
				4001B23027668CC400ABE37D /* Resources */,
			);
			buildRules = (
			);
			dependencies = (
				4001B23427668CC400ABE37D /* PBXTargetDependency */,
			);
			name = FinalNotesTests;
			productName = FinalNotesTests;
			productReference = 4001B23227668CC400ABE37D /* FinalNotesTests.xctest */;
			productType = "com.apple.product-type.bundle.unit-test";
		};
		4001B23B27668CC400ABE37D /* FinalNotesUITests */ = {
			isa = PBXNativeTarget;
			buildConfigurationList = 4001B24C27668CC400ABE37D /* Build configuration list for PBXNativeTarget "FinalNotesUITests" */;
			buildPhases = (
				4001B23827668CC400ABE37D /* Sources */,
				4001B23927668CC400ABE37D /* Frameworks */,
				4001B23A27668CC400ABE37D /* Resources */,
			);
			buildRules = (
			);
			dependencies = (
				4001B23E27668CC400ABE37D /* PBXTargetDependency */,
			);
			name = FinalNotesUITests;
			productName = FinalNotesUITests;
			productReference = 4001B23C27668CC400ABE37D /* FinalNotesUITests.xctest */;
			productType = "com.apple.product-type.bundle.ui-testing";
		};
/* End PBXNativeTarget section */

/* Begin PBXProject section */
		4001B21A27668CC300ABE37D /* Project object */ = {
			isa = PBXProject;
			attributes = {
				BuildIndependentTargetsInParallel = 1;
				LastSwiftUpdateCheck = 1310;
				LastUpgradeCheck = 1310;
				TargetAttributes = {
					4001B22127668CC300ABE37D = {
						CreatedOnToolsVersion = 13.1;
					};
					4001B23127668CC400ABE37D = {
						CreatedOnToolsVersion = 13.1;
						TestTargetID = 4001B22127668CC300ABE37D;
					};
					4001B23B27668CC400ABE37D = {
						CreatedOnToolsVersion = 13.1;
						TestTargetID = 4001B22127668CC300ABE37D;
					};
				};
			};
			buildConfigurationList = 4001B21D27668CC300ABE37D /* Build configuration list for PBXProject "FinalNotes" */;
			compatibilityVersion = "Xcode 13.0";
			developmentRegion = en;
			hasScannedForEncodings = 0;
			knownRegions = (
				en,
				Base,
			);
			mainGroup = 4001B21927668CC300ABE37D;
			productRefGroup = 4001B22327668CC300ABE37D /* Products */;
			projectDirPath = "";
			projectRoot = "";
			targets = (
				4001B22127668CC300ABE37D /* FinalNotes */,
				4001B23127668CC400ABE37D /* FinalNotesTests */,
				4001B23B27668CC400ABE37D /* FinalNotesUITests */,
			);
		};
/* End PBXProject section */

/* Begin PBXResourcesBuildPhase section */
		4001B22027668CC300ABE37D /* Resources */ = {
			isa = PBXResourcesBuildPhase;
			buildActionMask = 2147483647;
			files = (
				4001B22D27668CC400ABE37D /* Preview Assets.xcassets in Resources */,
				4001B22A27668CC400ABE37D /* Assets.xcassets in Resources */,
			);
			runOnlyForDeploymentPostprocessing = 0;
		};
		4001B23027668CC400ABE37D /* Resources */ = {
			isa = PBXResourcesBuildPhase;
			buildActionMask = 2147483647;
			files = (
			);
			runOnlyForDeploymentPostprocessing = 0;
		};
		4001B23A27668CC400ABE37D /* Resources */ = {
			isa = PBXResourcesBuildPhase;
			buildActionMask = 2147483647;
			files = (
			);
			runOnlyForDeploymentPostprocessing = 0;
		};
/* End PBXResourcesBuildPhase section */

/* Begin PBXSourcesBuildPhase section */
		4001B21E27668CC300ABE37D /* Sources */ = {
			isa = PBXSourcesBuildPhase;
			buildActionMask = 2147483647;
			files = (
				40F991CF2766950C0092FC9E /* WriteNote.swift in Sources */,
				40F991D327669AE10092FC9E /* ModalType.swift in Sources */,
				4001B25027668CF800ABE37D /* Note.swift in Sources */,
				40F991D1276696460092FC9E /* NoteFormView.swift in Sources */,
				4001B25227668E0200ABE37D /* DataStore.swift in Sources */,
				40F991DC2766A4510092FC9E /* FileManager+Extensions.swift in Sources */,
				4001B22827668CC300ABE37D /* ContentView.swift in Sources */,
				4001B22627668CC300ABE37D /* FinalNotesApp.swift in Sources */,
			);
			runOnlyForDeploymentPostprocessing = 0;
		};
		4001B22E27668CC400ABE37D /* Sources */ = {
			isa = PBXSourcesBuildPhase;
			buildActionMask = 2147483647;
			files = (
				4001B23727668CC400ABE37D /* FinalNotesTests.swift in Sources */,
			);
			runOnlyForDeploymentPostprocessing = 0;
		};
		4001B23827668CC400ABE37D /* Sources */ = {
			isa = PBXSourcesBuildPhase;
			buildActionMask = 2147483647;
			files = (
				4001B24127668CC400ABE37D /* FinalNotesUITests.swift in Sources */,
				4001B24327668CC400ABE37D /* FinalNotesUITestsLaunchTests.swift in Sources */,
			);
			runOnlyForDeploymentPostprocessing = 0;
		};
/* End PBXSourcesBuildPhase section */

/* Begin PBXTargetDependency section */
		4001B23427668CC400ABE37D /* PBXTargetDependency */ = {
			isa = PBXTargetDependency;
			target = 4001B22127668CC300ABE37D /* FinalNotes */;
			targetProxy = 4001B23327668CC400ABE37D /* PBXContainerItemProxy */;
		};
		4001B23E27668CC400ABE37D /* PBXTargetDependency */ = {
			isa = PBXTargetDependency;
			target = 4001B22127668CC300ABE37D /* FinalNotes */;
			targetProxy = 4001B23D27668CC400ABE37D /* PBXContainerItemProxy */;
		};
/* End PBXTargetDependency section */

/* Begin XCBuildConfiguration section */
		4001B24427668CC400ABE37D /* Debug */ = {
			isa = XCBuildConfiguration;
			buildSettings = {
				ALWAYS_SEARCH_USER_PATHS = NO;
				CLANG_ANALYZER_NONNULL = YES;
				CLANG_ANALYZER_NUMBER_OBJECT_CONVERSION = YES_AGGRESSIVE;
				CLANG_CXX_LANGUAGE_STANDARD = "gnu++17";
				CLANG_CXX_LIBRARY = "libc++";
				CLANG_ENABLE_MODULES = YES;
				CLANG_ENABLE_OBJC_ARC = YES;
				CLANG_ENABLE_OBJC_WEAK = YES;
				CLANG_WARN_BLOCK_CAPTURE_AUTORELEASING = YES;
				CLANG_WARN_BOOL_CONVERSION = YES;
				CLANG_WARN_COMMA = YES;
				CLANG_WARN_CONSTANT_CONVERSION = YES;
				CLANG_WARN_DEPRECATED_OBJC_IMPLEMENTATIONS = YES;
				CLANG_WARN_DIRECT_OBJC_ISA_USAGE = YES_ERROR;
				CLANG_WARN_DOCUMENTATION_COMMENTS = YES;
				CLANG_WARN_EMPTY_BODY = YES;
				CLANG_WARN_ENUM_CONVERSION = YES;
				CLANG_WARN_INFINITE_RECURSION = YES;
				CLANG_WARN_INT_CONVERSION = YES;
				CLANG_WARN_NON_LITERAL_NULL_CONVERSION = YES;
				CLANG_WARN_OBJC_IMPLICIT_RETAIN_SELF = YES;
				CLANG_WARN_OBJC_LITERAL_CONVERSION = YES;
				CLANG_WARN_OBJC_ROOT_CLASS = YES_ERROR;
				CLANG_WARN_QUOTED_INCLUDE_IN_FRAMEWORK_HEADER = YES;
				CLANG_WARN_RANGE_LOOP_ANALYSIS = YES;
				CLANG_WARN_STRICT_PROTOTYPES = YES;
				CLANG_WARN_SUSPICIOUS_MOVE = YES;
				CLANG_WARN_UNGUARDED_AVAILABILITY = YES_AGGRESSIVE;
				CLANG_WARN_UNREACHABLE_CODE = YES;
				CLANG_WARN__DUPLICATE_METHOD_MATCH = YES;
				COPY_PHASE_STRIP = NO;
				DEBUG_INFORMATION_FORMAT = dwarf;
				ENABLE_STRICT_OBJC_MSGSEND = YES;
				ENABLE_TESTABILITY = YES;
				GCC_C_LANGUAGE_STANDARD = gnu11;
				GCC_DYNAMIC_NO_PIC = NO;
				GCC_NO_COMMON_BLOCKS = YES;
				GCC_OPTIMIZATION_LEVEL = 0;
				GCC_PREPROCESSOR_DEFINITIONS = (
					"DEBUG=1",
					"$(inherited)",
				);
				GCC_WARN_64_TO_32_BIT_CONVERSION = YES;
				GCC_WARN_ABOUT_RETURN_TYPE = YES_ERROR;
				GCC_WARN_UNDECLARED_SELECTOR = YES;
				GCC_WARN_UNINITIALIZED_AUTOS = YES_AGGRESSIVE;
				GCC_WARN_UNUSED_FUNCTION = YES;
				GCC_WARN_UNUSED_VARIABLE = YES;
				IPHONEOS_DEPLOYMENT_TARGET = 15.0;
				MTL_ENABLE_DEBUG_INFO = INCLUDE_SOURCE;
				MTL_FAST_MATH = YES;
				ONLY_ACTIVE_ARCH = YES;
				SDKROOT = iphoneos;
				SWIFT_ACTIVE_COMPILATION_CONDITIONS = DEBUG;
				SWIFT_OPTIMIZATION_LEVEL = "-Onone";
			};
			name = Debug;
		};
		4001B24527668CC400ABE37D /* Release */ = {
			isa = XCBuildConfiguration;
			buildSettings = {
				ALWAYS_SEARCH_USER_PATHS = NO;
				CLANG_ANALYZER_NONNULL = YES;
				CLANG_ANALYZER_NUMBER_OBJECT_CONVERSION = YES_AGGRESSIVE;
				CLANG_CXX_LANGUAGE_STANDARD = "gnu++17";
				CLANG_CXX_LIBRARY = "libc++";
				CLANG_ENABLE_MODULES = YES;
				CLANG_ENABLE_OBJC_ARC = YES;
				CLANG_ENABLE_OBJC_WEAK = YES;
				CLANG_WARN_BLOCK_CAPTURE_AUTORELEASING = YES;
				CLANG_WARN_BOOL_CONVERSION = YES;
				CLANG_WARN_COMMA = YES;
				CLANG_WARN_CONSTANT_CONVERSION = YES;
				CLANG_WARN_DEPRECATED_OBJC_IMPLEMENTATIONS = YES;
				CLANG_WARN_DIRECT_OBJC_ISA_USAGE = YES_ERROR;
				CLANG_WARN_DOCUMENTATION_COMMENTS = YES;
				CLANG_WARN_EMPTY_BODY = YES;
				CLANG_WARN_ENUM_CONVERSION = YES;
				CLANG_WARN_INFINITE_RECURSION = YES;
				CLANG_WARN_INT_CONVERSION = YES;
				CLANG_WARN_NON_LITERAL_NULL_CONVERSION = YES;
				CLANG_WARN_OBJC_IMPLICIT_RETAIN_SELF = YES;
				CLANG_WARN_OBJC_LITERAL_CONVERSION = YES;
				CLANG_WARN_OBJC_ROOT_CLASS = YES_ERROR;
				CLANG_WARN_QUOTED_INCLUDE_IN_FRAMEWORK_HEADER = YES;
				CLANG_WARN_RANGE_LOOP_ANALYSIS = YES;
				CLANG_WARN_STRICT_PROTOTYPES = YES;
				CLANG_WARN_SUSPICIOUS_MOVE = YES;
				CLANG_WARN_UNGUARDED_AVAILABILITY = YES_AGGRESSIVE;
				CLANG_WARN_UNREACHABLE_CODE = YES;
				CLANG_WARN__DUPLICATE_METHOD_MATCH = YES;
				COPY_PHASE_STRIP = NO;
				DEBUG_INFORMATION_FORMAT = "dwarf-with-dsym";
				ENABLE_NS_ASSERTIONS = NO;
				ENABLE_STRICT_OBJC_MSGSEND = YES;
				GCC_C_LANGUAGE_STANDARD = gnu11;
				GCC_NO_COMMON_BLOCKS = YES;
				GCC_WARN_64_TO_32_BIT_CONVERSION = YES;
				GCC_WARN_ABOUT_RETURN_TYPE = YES_ERROR;
				GCC_WARN_UNDECLARED_SELECTOR = YES;
				GCC_WARN_UNINITIALIZED_AUTOS = YES_AGGRESSIVE;
				GCC_WARN_UNUSED_FUNCTION = YES;
				GCC_WARN_UNUSED_VARIABLE = YES;
				IPHONEOS_DEPLOYMENT_TARGET = 15.0;
				MTL_ENABLE_DEBUG_INFO = NO;
				MTL_FAST_MATH = YES;
				SDKROOT = iphoneos;
				SWIFT_COMPILATION_MODE = wholemodule;
				SWIFT_OPTIMIZATION_LEVEL = "-O";
				VALIDATE_PRODUCT = YES;
			};
			name = Release;
		};
		4001B24727668CC400ABE37D /* Debug */ = {
			isa = XCBuildConfiguration;
			buildSettings = {
				ASSETCATALOG_COMPILER_APPICON_NAME = AppIcon;
				ASSETCATALOG_COMPILER_GLOBAL_ACCENT_COLOR_NAME = AccentColor;
				CODE_SIGN_STYLE = Automatic;
				CURRENT_PROJECT_VERSION = 1;
				DEVELOPMENT_ASSET_PATHS = "\"FinalNotes/Preview Content\"";
				DEVELOPMENT_TEAM = 9D32263365;
				ENABLE_PREVIEWS = YES;
				GENERATE_INFOPLIST_FILE = YES;
				INFOPLIST_KEY_UIApplicationSceneManifest_Generation = YES;
				INFOPLIST_KEY_UIApplicationSupportsIndirectInputEvents = YES;
				INFOPLIST_KEY_UILaunchScreen_Generation = YES;
				INFOPLIST_KEY_UISupportedInterfaceOrientations_iPad = "UIInterfaceOrientationPortrait UIInterfaceOrientationPortraitUpsideDown UIInterfaceOrientationLandscapeLeft UIInterfaceOrientationLandscapeRight";
				INFOPLIST_KEY_UISupportedInterfaceOrientations_iPhone = "UIInterfaceOrientationPortrait UIInterfaceOrientationLandscapeLeft UIInterfaceOrientationLandscapeRight";
				LD_RUNPATH_SEARCH_PATHS = (
					"$(inherited)",
					"@executable_path/Frameworks",
				);
				MARKETING_VERSION = 1.0;
				PRODUCT_BUNDLE_IDENTIFIER = dm.FinalNotes;
				PRODUCT_NAME = FinalNotes;
				SWIFT_EMIT_LOC_STRINGS = YES;
				SWIFT_VERSION = 5.0;
				TARGETED_DEVICE_FAMILY = "1,2";
			};
			name = Debug;
		};
		4001B24827668CC400ABE37D /* Release */ = {
			isa = XCBuildConfiguration;
			buildSettings = {
				ASSETCATALOG_COMPILER_APPICON_NAME = AppIcon;
				ASSETCATALOG_COMPILER_GLOBAL_ACCENT_COLOR_NAME = AccentColor;
				CODE_SIGN_STYLE = Automatic;
				CURRENT_PROJECT_VERSION = 1;
				DEVELOPMENT_ASSET_PATHS = "\"FinalNotes/Preview Content\"";
				DEVELOPMENT_TEAM = 9D32263365;
				ENABLE_PREVIEWS = YES;
				GENERATE_INFOPLIST_FILE = YES;
				INFOPLIST_KEY_UIApplicationSceneManifest_Generation = YES;
				INFOPLIST_KEY_UIApplicationSupportsIndirectInputEvents = YES;
				INFOPLIST_KEY_UILaunchScreen_Generation = YES;
				INFOPLIST_KEY_UISupportedInterfaceOrientations_iPad = "UIInterfaceOrientationPortrait UIInterfaceOrientationPortraitUpsideDown UIInterfaceOrientationLandscapeLeft UIInterfaceOrientationLandscapeRight";
				INFOPLIST_KEY_UISupportedInterfaceOrientations_iPhone = "UIInterfaceOrientationPortrait UIInterfaceOrientationLandscapeLeft UIInterfaceOrientationLandscapeRight";
				LD_RUNPATH_SEARCH_PATHS = (
					"$(inherited)",
					"@executable_path/Frameworks",
				);
				MARKETING_VERSION = 1.0;
				PRODUCT_BUNDLE_IDENTIFIER = dm.FinalNotes;
				PRODUCT_NAME = FinalNotes;
				SWIFT_EMIT_LOC_STRINGS = YES;
				SWIFT_VERSION = 5.0;
				TARGETED_DEVICE_FAMILY = "1,2";
			};
			name = Release;
		};
		4001B24A27668CC400ABE37D /* Debug */ = {
			isa = XCBuildConfiguration;
			buildSettings = {
				ALWAYS_EMBED_SWIFT_STANDARD_LIBRARIES = YES;
				BUNDLE_LOADER = "$(TEST_HOST)";
				CODE_SIGN_STYLE = Automatic;
				CURRENT_PROJECT_VERSION = 1;
				DEVELOPMENT_TEAM = 9D32263365;
				GENERATE_INFOPLIST_FILE = YES;
				IPHONEOS_DEPLOYMENT_TARGET = 15.0;
				LD_RUNPATH_SEARCH_PATHS = (
					"$(inherited)",
					"@executable_path/Frameworks",
					"@loader_path/Frameworks",
				);
				MARKETING_VERSION = 1.0;
				PRODUCT_BUNDLE_IDENTIFIER = dm.FinalNotesTests;
				PRODUCT_NAME = "$(TARGET_NAME)";
				SWIFT_EMIT_LOC_STRINGS = NO;
				SWIFT_VERSION = 5.0;
				TARGETED_DEVICE_FAMILY = "1,2";
				TEST_HOST = "$(BUILT_PRODUCTS_DIR)/FinalNotes.app/FinalNotes";
			};
			name = Debug;
		};
		4001B24B27668CC400ABE37D /* Release */ = {
			isa = XCBuildConfiguration;
			buildSettings = {
				ALWAYS_EMBED_SWIFT_STANDARD_LIBRARIES = YES;
				BUNDLE_LOADER = "$(TEST_HOST)";
				CODE_SIGN_STYLE = Automatic;
				CURRENT_PROJECT_VERSION = 1;
				DEVELOPMENT_TEAM = 9D32263365;
				GENERATE_INFOPLIST_FILE = YES;
				IPHONEOS_DEPLOYMENT_TARGET = 15.0;
				LD_RUNPATH_SEARCH_PATHS = (
					"$(inherited)",
					"@executable_path/Frameworks",
					"@loader_path/Frameworks",
				);
				MARKETING_VERSION = 1.0;
				PRODUCT_BUNDLE_IDENTIFIER = dm.FinalNotesTests;
				PRODUCT_NAME = "$(TARGET_NAME)";
				SWIFT_EMIT_LOC_STRINGS = NO;
				SWIFT_VERSION = 5.0;
				TARGETED_DEVICE_FAMILY = "1,2";
				TEST_HOST = "$(BUILT_PRODUCTS_DIR)/FinalNotes.app/FinalNotes";
			};
			name = Release;
		};
		4001B24D27668CC400ABE37D /* Debug */ = {
			isa = XCBuildConfiguration;
			buildSettings = {
				ALWAYS_EMBED_SWIFT_STANDARD_LIBRARIES = YES;
				CODE_SIGN_STYLE = Automatic;
				CURRENT_PROJECT_VERSION = 1;
				DEVELOPMENT_TEAM = 9D32263365;
				GENERATE_INFOPLIST_FILE = YES;
				LD_RUNPATH_SEARCH_PATHS = (
					"$(inherited)",
					"@executable_path/Frameworks",
					"@loader_path/Frameworks",
				);
				MARKETING_VERSION = 1.0;
				PRODUCT_BUNDLE_IDENTIFIER = dm.FinalNotesUITests;
				PRODUCT_NAME = "$(TARGET_NAME)";
				SWIFT_EMIT_LOC_STRINGS = NO;
				SWIFT_VERSION = 5.0;
				TARGETED_DEVICE_FAMILY = "1,2";
				TEST_TARGET_NAME = FinalNotes;
			};
			name = Debug;
		};
		4001B24E27668CC400ABE37D /* Release */ = {
			isa = XCBuildConfiguration;
			buildSettings = {
				ALWAYS_EMBED_SWIFT_STANDARD_LIBRARIES = YES;
				CODE_SIGN_STYLE = Automatic;
				CURRENT_PROJECT_VERSION = 1;
				DEVELOPMENT_TEAM = 9D32263365;
				GENERATE_INFOPLIST_FILE = YES;
				LD_RUNPATH_SEARCH_PATHS = (
					"$(inherited)",
					"@executable_path/Frameworks",
					"@loader_path/Frameworks",
				);
				MARKETING_VERSION = 1.0;
				PRODUCT_BUNDLE_IDENTIFIER = dm.FinalNotesUITests;
				PRODUCT_NAME = "$(TARGET_NAME)";
				SWIFT_EMIT_LOC_STRINGS = NO;
				SWIFT_VERSION = 5.0;
				TARGETED_DEVICE_FAMILY = "1,2";
				TEST_TARGET_NAME = FinalNotes;
			};
			name = Release;
		};
/* End XCBuildConfiguration section */

/* Begin XCConfigurationList section */
		4001B21D27668CC300ABE37D /* Build configuration list for PBXProject "FinalNotes" */ = {
			isa = XCConfigurationList;
			buildConfigurations = (
				4001B24427668CC400ABE37D /* Debug */,
				4001B24527668CC400ABE37D /* Release */,
			);
			defaultConfigurationIsVisible = 0;
			defaultConfigurationName = Release;
		};
		4001B24627668CC400ABE37D /* Build configuration list for PBXNativeTarget "FinalNotes" */ = {
			isa = XCConfigurationList;
			buildConfigurations = (
				4001B24727668CC400ABE37D /* Debug */,
				4001B24827668CC400ABE37D /* Release */,
			);
			defaultConfigurationIsVisible = 0;
			defaultConfigurationName = Release;
		};
		4001B24927668CC400ABE37D /* Build configuration list for PBXNativeTarget "FinalNotesTests" */ = {
			isa = XCConfigurationList;
			buildConfigurations = (
				4001B24A27668CC400ABE37D /* Debug */,
				4001B24B27668CC400ABE37D /* Release */,
			);
			defaultConfigurationIsVisible = 0;
			defaultConfigurationName = Release;
		};
		4001B24C27668CC400ABE37D /* Build configuration list for PBXNativeTarget "FinalNotesUITests" */ = {
			isa = XCConfigurationList;
			buildConfigurations = (
				4001B24D27668CC400ABE37D /* Debug */,
				4001B24E27668CC400ABE37D /* Release */,
			);
			defaultConfigurationIsVisible = 0;
			defaultConfigurationName = Release;
		};
/* End XCConfigurationList section */
	};
	rootObject = 4001B21A27668CC300ABE37D /* Project object */;
}
